
Microsoft Visual Studio Solution File, Format Version 9.00
# Visual Studio 2005
Project("{8BC9CEB8-8B4A-11D0-8D11-00A0C91BC942}") = "cpptest", "cpptest.vcproj", "{74334E96-6954-4183-835C-8040C68CDCE9}"
	ProjectSection(ProjectDependencies) = postProject
		{26980809-42BC-48DF-ADB1-618897F1A6BB} = {26980809-42BC-48DF-ADB1-618897F1A6BB}
	EndProjectSection
EndProject
Project("{8BC9CEB8-8B4A-11D0-8D11-00A0C91BC942}") = "gennmtab", "..\lib\expat\gennmtab\gennmtab.vcproj", "{E3549D8B-07DC-48F4-B923-A5F1AB6B2ED2}"
EndProject
Project("{8BC9CEB8-8B4A-11D0-8D11-00A0C91BC942}") = "query_meerkat", "query_meerkat.vcproj", "{124D7C56-44F9-42B1-B2F2-962AE1EADF76}"
	ProjectSection(ProjectDependencies) = postProject
		{26980809-42BC-48DF-ADB1-618897F1A6BB} = {26980809-42BC-48DF-ADB1-618897F1A6BB}
	EndProjectSection
EndProject
Project("{8BC9CEB8-8B4A-11D0-8D11-00A0C91BC942}") = "rpctest", "rpctest.vcproj", "{2F02D866-D6BA-4AC1-8C65-B9A0C42DF8EB}"
	ProjectSection(ProjectDependencies) = postProject
		{26980809-42BC-48DF-ADB1-618897F1A6BB} = {26980809-42BC-48DF-ADB1-618897F1A6BB}
	EndProjectSection
EndProject
Project("{8BC9CEB8-8B4A-11D0-8D11-00A0C91BC942}") = "xmlparse", "..\lib\expat\xmlparse\xmlparse.vcproj", "{52FE767F-AB6D-488B-82F2-20C5A201D2C9}"
	ProjectSection(ProjectDependencies) = postProject
		{15FA4549-FF54-42A4-BB94-6A5F4235625C} = {15FA4549-FF54-42A4-BB94-6A5F4235625C}
	EndProjectSection
EndProject
Project("{8BC9CEB8-8B4A-11D0-8D11-00A0C91BC942}") = "xmlrpc", "xmlrpc.vcproj", "{26980809-42BC-48DF-ADB1-618897F1A6BB}"
	ProjectSection(ProjectDependencies) = postProject
		{52FE767F-AB6D-488B-82F2-20C5A201D2C9} = {52FE767F-AB6D-488B-82F2-20C5A201D2C9}
	EndProjectSection
EndProject
Project("{8BC9CEB8-8B4A-11D0-8D11-00A0C91BC942}") = "xmlrpc_sample_add_asynch_client", "xmlrpc_sample_add_asynch_client.vcproj", "{C8B77642-FFF1-4182-BBA1-2634A9A210AA}"
	ProjectSection(ProjectDependencies) = postProject
		{26980809-42BC-48DF-ADB1-618897F1A6BB} = {26980809-42BC-48DF-ADB1-618897F1A6BB}
	EndProjectSection
EndProject
Project("{8BC9CEB8-8B4A-11D0-8D11-00A0C91BC942}") = "xmlrpc_sample_add_server", "xmlrpc_sample_add_server.vcproj", "{8AAA551F-E081-4766-9BEB-9C715806F6FE}"
	ProjectSection(ProjectDependencies) = postProject
		{26980809-42BC-48DF-ADB1-618897F1A6BB} = {26980809-42BC-48DF-ADB1-618897F1A6BB}
	EndProjectSection
EndProject
Project("{8BC9CEB8-8B4A-11D0-8D11-00A0C91BC942}") = "xmlrpc_sample_add_server_w32httpsys", "xmlrpc_sample_add_server_w32httpsys.vcproj", "{594DC01F-1B69-4791-A715-9E6C45EE3CB6}"
	ProjectSection(ProjectDependencies) = postProject
		{26980809-42BC-48DF-ADB1-618897F1A6BB} = {26980809-42BC-48DF-ADB1-618897F1A6BB}
	EndProjectSection
EndProject
Project("{8BC9CEB8-8B4A-11D0-8D11-00A0C91BC942}") = "xmlrpc_sample_add_sync_client", "xmlrpc_sample_add_sync_client.vcproj", "{D39FDE52-DE38-4F85-BD12-105B2418A5D3}"
	ProjectSection(ProjectDependencies) = postProject
		{26980809-42BC-48DF-ADB1-618897F1A6BB} = {26980809-42BC-48DF-ADB1-618897F1A6BB}
	EndProjectSection
EndProject
Project("{8BC9CEB8-8B4A-11D0-8D11-00A0C91BC942}") = "xmlrpc_sample_auth_client", "xmlrpc_sample_auth_client.vcproj", "{89B84656-909C-4DF3-9736-F7678CB27CFE}"
	ProjectSection(ProjectDependencies) = postProject
		{26980809-42BC-48DF-ADB1-618897F1A6BB} = {26980809-42BC-48DF-ADB1-618897F1A6BB}
	EndProjectSection
EndProject
Project("{8BC9CEB8-8B4A-11D0-8D11-00A0C91BC942}") = "xmltok", "..\lib\expat\xmltok\xmltok.vcproj", "{15FA4549-FF54-42A4-BB94-6A5F4235625C}"
	ProjectSection(ProjectDependencies) = postProject
		{E3549D8B-07DC-48F4-B923-A5F1AB6B2ED2} = {E3549D8B-07DC-48F4-B923-A5F1AB6B2ED2}
	EndProjectSection
EndProject
Global
	GlobalSection(SolutionConfigurationPlatforms) = preSolution
		Debug DLL|Win32 = Debug DLL|Win32
		Debug|Win32 = Debug|Win32
		MinSize DLL|Win32 = MinSize DLL|Win32
		Release DLL|Win32 = Release DLL|Win32
		Release|Win32 = Release|Win32
	EndGlobalSection
	GlobalSection(ProjectConfigurationPlatforms) = postSolution
		{74334E96-6954-4183-835C-8040C68CDCE9}.Debug DLL|Win32.ActiveCfg = Debug|Win32
		{74334E96-6954-4183-835C-8040C68CDCE9}.Debug DLL|Win32.Build.0 = Debug|Win32
		{74334E96-6954-4183-835C-8040C68CDCE9}.Debug|Win32.ActiveCfg = Debug|Win32
		{74334E96-6954-4183-835C-8040C68CDCE9}.Debug|Win32.Build.0 = Debug|Win32
		{74334E96-6954-4183-835C-8040C68CDCE9}.MinSize DLL|Win32.ActiveCfg = Debug|Win32
		{74334E96-6954-4183-835C-8040C68CDCE9}.MinSize DLL|Win32.Build.0 = Debug|Win32
		{74334E96-6954-4183-835C-8040C68CDCE9}.Release DLL|Win32.ActiveCfg = Release|Win32
		{74334E96-6954-4183-835C-8040C68CDCE9}.Release DLL|Win32.Build.0 = Release|Win32
		{74334E96-6954-4183-835C-8040C68CDCE9}.Release|Win32.ActiveCfg = Release|Win32
		{74334E96-6954-4183-835C-8040C68CDCE9}.Release|Win32.Build.0 = Release|Win32
		{E3549D8B-07DC-48F4-B923-A5F1AB6B2ED2}.Debug DLL|Win32.ActiveCfg = Debug|Win32
		{E3549D8B-07DC-48F4-B923-A5F1AB6B2ED2}.Debug DLL|Win32.Build.0 = Debug|Win32
		{E3549D8B-07DC-48F4-B923-A5F1AB6B2ED2}.Debug|Win32.ActiveCfg = Debug|Win32
		{E3549D8B-07DC-48F4-B923-A5F1AB6B2ED2}.Debug|Win32.Build.0 = Debug|Win32
		{E3549D8B-07DC-48F4-B923-A5F1AB6B2ED2}.MinSize DLL|Win32.ActiveCfg = Release|Win32
		{E3549D8B-07DC-48F4-B923-A5F1AB6B2ED2}.MinSize DLL|Win32.Build.0 = Release|Win32
		{E3549D8B-07DC-48F4-B923-A5F1AB6B2ED2}.Release DLL|Win32.ActiveCfg = Release|Win32
		{E3549D8B-07DC-48F4-B923-A5F1AB6B2ED2}.Release DLL|Win32.Build.0 = Release|Win32
		{E3549D8B-07DC-48F4-B923-A5F1AB6B2ED2}.Release|Win32.ActiveCfg = Release|Win32
		{E3549D8B-07DC-48F4-B923-A5F1AB6B2ED2}.Release|Win32.Build.0 = Release|Win32
		{124D7C56-44F9-42B1-B2F2-962AE1EADF76}.Debug DLL|Win32.ActiveCfg = Debug|Win32
		{124D7C56-44F9-42B1-B2F2-962AE1EADF76}.Debug DLL|Win32.Build.0 = Debug|Win32
		{124D7C56-44F9-42B1-B2F2-962AE1EADF76}.Debug|Win32.ActiveCfg = Debug|Win32
		{124D7C56-44F9-42B1-B2F2-962AE1EADF76}.Debug|Win32.Build.0 = Debug|Win32
		{124D7C56-44F9-42B1-B2F2-962AE1EADF76}.MinSize DLL|Win32.ActiveCfg = Release|Win32
		{124D7C56-44F9-42B1-B2F2-962AE1EADF76}.MinSize DLL|Win32.Build.0 = Release|Win32
		{124D7C56-44F9-42B1-B2F2-962AE1EADF76}.Release DLL|Win32.ActiveCfg = Release|Win32
		{124D7C56-44F9-42B1-B2F2-962AE1EADF76}.Release DLL|Win32.Build.0 = Release|Win32
		{124D7C56-44F9-42B1-B2F2-962AE1EADF76}.Release|Win32.ActiveCfg = Release|Win32
		{124D7C56-44F9-42B1-B2F2-962AE1EADF76}.Release|Win32.Build.0 = Release|Win32
		{2F02D866-D6BA-4AC1-8C65-B9A0C42DF8EB}.Debug DLL|Win32.ActiveCfg = Debug|Win32
		{2F02D866-D6BA-4AC1-8C65-B9A0C42DF8EB}.Debug DLL|Win32.Build.0 = Debug|Win32
		{2F02D866-D6BA-4AC1-8C65-B9A0C42DF8EB}.Debug|Win32.ActiveCfg = Debug|Win32
		{2F02D866-D6BA-4AC1-8C65-B9A0C42DF8EB}.Debug|Win32.Build.0 = Debug|Win32
		{2F02D866-D6BA-4AC1-8C65-B9A0C42DF8EB}.MinSize DLL|Win32.ActiveCfg = Release|Win32
		{2F02D866-D6BA-4AC1-8C65-B9A0C42DF8EB}.MinSize DLL|Win32.Build.0 = Release|Win32
		{2F02D866-D6BA-4AC1-8C65-B9A0C42DF8EB}.Release DLL|Win32.ActiveCfg = Release|Win32
		{2F02D866-D6BA-4AC1-8C65-B9A0C42DF8EB}.Release DLL|Win32.Build.0 = Release|Win32
		{2F02D866-D6BA-4AC1-8C65-B9A0C42DF8EB}.Release|Win32.ActiveCfg = Release|Win32
		{2F02D866-D6BA-4AC1-8C65-B9A0C42DF8EB}.Release|Win32.Build.0 = Release|Win32
		{52FE767F-AB6D-488B-82F2-20C5A201D2C9}.Debug DLL|Win32.ActiveCfg = Debug DLL|Win32
		{52FE767F-AB6D-488B-82F2-20C5A201D2C9}.Debug DLL|Win32.Build.0 = Debug DLL|Win32
		{52FE767F-AB6D-488B-82F2-20C5A201D2C9}.Debug|Win32.ActiveCfg = Debug|Win32
		{52FE767F-AB6D-488B-82F2-20C5A201D2C9}.Debug|Win32.Build.0 = Debug|Win32
		{52FE767F-AB6D-488B-82F2-20C5A201D2C9}.MinSize DLL|Win32.ActiveCfg = MinSize DLL|Win32
		{52FE767F-AB6D-488B-82F2-20C5A201D2C9}.MinSize DLL|Win32.Build.0 = MinSize DLL|Win32
		{52FE767F-AB6D-488B-82F2-20C5A201D2C9}.Release DLL|Win32.ActiveCfg = Release DLL|Win32
		{52FE767F-AB6D-488B-82F2-20C5A201D2C9}.Release DLL|Win32.Build.0 = Release DLL|Win32
		{52FE767F-AB6D-488B-82F2-20C5A201D2C9}.Release|Win32.ActiveCfg = Release|Win32
		{52FE767F-AB6D-488B-82F2-20C5A201D2C9}.Release|Win32.Build.0 = Release|Win32
		{26980809-42BC-48DF-ADB1-618897F1A6BB}.Debug DLL|Win32.ActiveCfg = Debug|Win32
		{26980809-42BC-48DF-ADB1-618897F1A6BB}.Debug DLL|Win32.Build.0 = Debug|Win32
		{26980809-42BC-48DF-ADB1-618897F1A6BB}.Debug|Win32.ActiveCfg = Debug|Win32
		{26980809-42BC-48DF-ADB1-618897F1A6BB}.Debug|Win32.Build.0 = Debug|Win32
		{26980809-42BC-48DF-ADB1-618897F1A6BB}.MinSize DLL|Win32.ActiveCfg = Release|Win32
		{26980809-42BC-48DF-ADB1-618897F1A6BB}.MinSize DLL|Win32.Build.0 = Release|Win32
		{26980809-42BC-48DF-ADB1-618897F1A6BB}.Release DLL|Win32.ActiveCfg = Release|Win32
		{26980809-42BC-48DF-ADB1-618897F1A6BB}.Release DLL|Win32.Build.0 = Release|Win32
		{26980809-42BC-48DF-ADB1-618897F1A6BB}.Release|Win32.ActiveCfg = Release|Win32
		{26980809-42BC-48DF-ADB1-618897F1A6BB}.Release|Win32.Build.0 = Release|Win32
		{C8B77642-FFF1-4182-BBA1-2634A9A210AA}.Debug DLL|Win32.ActiveCfg = Debug|Win32
		{C8B77642-FFF1-4182-BBA1-2634A9A210AA}.Debug DLL|Win32.Build.0 = Debug|Win32
		{C8B77642-FFF1-4182-BBA1-2634A9A210AA}.Debug|Win32.ActiveCfg = Debug|Win32
		{C8B77642-FFF1-4182-BBA1-2634A9A210AA}.Debug|Win32.Build.0 = Debug|Win32
		{C8B77642-FFF1-4182-BBA1-2634A9A210AA}.MinSize DLL|Win32.ActiveCfg = Release|Win32
		{C8B77642-FFF1-4182-BBA1-2634A9A210AA}.MinSize DLL|Win32.Build.0 = Release|Win32
		{C8B77642-FFF1-4182-BBA1-2634A9A210AA}.Release DLL|Win32.ActiveCfg = Release|Win32
		{C8B77642-FFF1-4182-BBA1-2634A9A210AA}.Release DLL|Win32.Build.0 = Release|Win32
		{C8B77642-FFF1-4182-BBA1-2634A9A210AA}.Release|Win32.ActiveCfg = Release|Win32
		{C8B77642-FFF1-4182-BBA1-2634A9A210AA}.Release|Win32.Build.0 = Release|Win32
		{8AAA551F-E081-4766-9BEB-9C715806F6FE}.Debug DLL|Win32.ActiveCfg = Debug|Win32
		{8AAA551F-E081-4766-9BEB-9C715806F6FE}.Debug DLL|Win32.Build.0 = Debug|Win32
		{8AAA551F-E081-4766-9BEB-9C715806F6FE}.Debug|Win32.ActiveCfg = Debug|Win32
		{8AAA551F-E081-4766-9BEB-9C715806F6FE}.Debug|Win32.Build.0 = Debug|Win32
		{8AAA551F-E081-4766-9BEB-9C715806F6FE}.MinSize DLL|Win32.ActiveCfg = Debug|Win32
		{8AAA551F-E081-4766-9BEB-9C715806F6FE}.MinSize DLL|Win32.Build.0 = Debug|Win32
		{8AAA551F-E081-4766-9BEB-9C715806F6FE}.Release DLL|Win32.ActiveCfg = Release|Win32
		{8AAA551F-E081-4766-9BEB-9C715806F6FE}.Release DLL|Win32.Build.0 = Release|Win32
		{8AAA551F-E081-4766-9BEB-9C715806F6FE}.Release|Win32.ActiveCfg = Release|Win32
		{8AAA551F-E081-4766-9BEB-9C715806F6FE}.Release|Win32.Build.0 = Release|Win32
		{594DC01F-1B69-4791-A715-9E6C45EE3CB6}.Debug DLL|Win32.ActiveCfg = Debug|Win32
		{594DC01F-1B69-4791-A715-9E6C45EE3CB6}.Debug DLL|Win32.Build.0 = Debug|Win32
		{594DC01F-1B69-4791-A715-9E6C45EE3CB6}.Debug|Win32.ActiveCfg = Debug|Win32
		{594DC01F-1B69-4791-A715-9E6C45EE3CB6}.Debug|Win32.Build.0 = Debug|Win32
		{594DC01F-1B69-4791-A715-9E6C45EE3CB6}.MinSize DLL|Win32.ActiveCfg = Release|Win32
		{594DC01F-1B69-4791-A715-9E6C45EE3CB6}.MinSize DLL|Win32.Build.0 = Release|Win32
		{594DC01F-1B69-4791-A715-9E6C45EE3CB6}.Release DLL|Win32.ActiveCfg = Release|Win32
		{594DC01F-1B69-4791-A715-9E6C45EE3CB6}.Release DLL|Win32.Build.0 = Release|Win32
		{594DC01F-1B69-4791-A715-9E6C45EE3CB6}.Release|Win32.ActiveCfg = Release|Win32
		{594DC01F-1B69-4791-A715-9E6C45EE3CB6}.Release|Win32.Build.0 = Release|Win32
		{D39FDE52-DE38-4F85-BD12-105B2418A5D3}.Debug DLL|Win32.ActiveCfg = Debug|Win32
		{D39FDE52-DE38-4F85-BD12-105B2418A5D3}.Debug DLL|Win32.Build.0 = Debug|Win32
		{D39FDE52-DE38-4F85-BD12-105B2418A5D3}.Debug|Win32.ActiveCfg = Debug|Win32
		{D39FDE52-DE38-4F85-BD12-105B2418A5D3}.Debug|Win32.Build.0 = Debug|Win32
		{D39FDE52-DE38-4F85-BD12-105B2418A5D3}.MinSize DLL|Win32.ActiveCfg = Release|Win32
		{D39FDE52-DE38-4F85-BD12-105B2418A5D3}.MinSize DLL|Win32.Build.0 = Release|Win32
		{D39FDE52-DE38-4F85-BD12-105B2418A5D3}.Release DLL|Win32.ActiveCfg = Release|Win32
		{D39FDE52-DE38-4F85-BD12-105B2418A5D3}.Release DLL|Win32.Build.0 = Release|Win32
		{D39FDE52-DE38-4F85-BD12-105B2418A5D3}.Release|Win32.ActiveCfg = Release|Win32
		{D39FDE52-DE38-4F85-BD12-105B2418A5D3}.Release|Win32.Build.0 = Release|Win32
		{89B84656-909C-4DF3-9736-F7678CB27CFE}.Debug DLL|Win32.ActiveCfg = Debug|Win32
		{89B84656-909C-4DF3-9736-F7678CB27CFE}.Debug DLL|Win32.Build.0 = Debug|Win32
		{89B84656-909C-4DF3-9736-F7678CB27CFE}.Debug|Win32.ActiveCfg = Debug|Win32
		{89B84656-909C-4DF3-9736-F7678CB27CFE}.Debug|Win32.Build.0 = Debug|Win32
		{89B84656-909C-4DF3-9736-F7678CB27CFE}.MinSize DLL|Win32.ActiveCfg = Debug|Win32
		{89B84656-909C-4DF3-9736-F7678CB27CFE}.MinSize DLL|Win32.Build.0 = Debug|Win32
		{89B84656-909C-4DF3-9736-F7678CB27CFE}.Release DLL|Win32.ActiveCfg = Release|Win32
		{89B84656-909C-4DF3-9736-F7678CB27CFE}.Release DLL|Win32.Build.0 = Release|Win32
		{89B84656-909C-4DF3-9736-F7678CB27CFE}.Release|Win32.ActiveCfg = Release|Win32
		{89B84656-909C-4DF3-9736-F7678CB27CFE}.Release|Win32.Build.0 = Release|Win32
		{15FA4549-FF54-42A4-BB94-6A5F4235625C}.Debug DLL|Win32.ActiveCfg = Debug DLL|Win32
		{15FA4549-FF54-42A4-BB94-6A5F4235625C}.Debug DLL|Win32.Build.0 = Debug DLL|Win32
		{15FA4549-FF54-42A4-BB94-6A5F4235625C}.Debug|Win32.ActiveCfg = Debug|Win32
		{15FA4549-FF54-42A4-BB94-6A5F4235625C}.Debug|Win32.Build.0 = Debug|Win32
		{15FA4549-FF54-42A4-BB94-6A5F4235625C}.MinSize DLL|Win32.ActiveCfg = Debug DLL|Win32
		{15FA4549-FF54-42A4-BB94-6A5F4235625C}.MinSize DLL|Win32.Build.0 = Debug DLL|Win32
		{15FA4549-FF54-42A4-BB94-6A5F4235625C}.Release DLL|Win32.ActiveCfg = Release DLL|Win32
		{15FA4549-FF54-42A4-BB94-6A5F4235625C}.Release DLL|Win32.Build.0 = Release DLL|Win32
		{15FA4549-FF54-42A4-BB94-6A5F4235625C}.Release|Win32.ActiveCfg = Release|Win32
		{15FA4549-FF54-42A4-BB94-6A5F4235625C}.Release|Win32.Build.0 = Release|Win32
	EndGlobalSection
	GlobalSection(SolutionProperties) = preSolution
		HideSolutionNode = FALSE
	EndGlobalSection
EndGlobal
